
Microsoft Visual Studio Solution File, Format Version 12.00
# Visual Studio 2012
Project("{FAE04EC0-301F-11D3-BF4B-00C04F79EFBC}") = "StockClient", "StockClient\StockClient.csproj", "{BA1EDDF3-3537-4CCC-8786-9222A7B60354}"
EndProject
Project("{FAE04EC0-301F-11D3-BF4B-00C04F79EFBC}") = "StockServer", "StockServer\StockServer.csproj", "{ADAF4FD9-9FA2-4D1C-9FCE-360FCA31EEB9}"
EndProject
Global
	GlobalSection(SolutionConfigurationPlatforms) = preSolution
		Debug|Any CPU = Debug|Any CPU
		Release|Any CPU = Release|Any CPU
	EndGlobalSection
	GlobalSection(ProjectConfigurationPlatforms) = postSolution
		{BA1EDDF3-3537-4CCC-8786-9222A7B60354}.Debug|Any CPU.ActiveCfg = Debug|Any CPU
		{BA1EDDF3-3537-4CCC-8786-9222A7B60354}.Debug|Any CPU.Build.0 = Debug|Any CPU
		{BA1EDDF3-3537-4CCC-8786-9222A7B60354}.Release|Any CPU.ActiveCfg = Release|Any CPU
		{BA1EDDF3-3537-4CCC-8786-9222A7B60354}.Release|Any CPU.Build.0 = Release|Any CPU
		{ADAF4FD9-9FA2-4D1C-9FCE-360FCA31EEB9}.Debug|Any CPU.ActiveCfg = Debug|Any CPU
		{ADAF4FD9-9FA2-4D1C-9FCE-360FCA31EEB9}.Debug|Any CPU.Build.0 = Debug|Any CPU
		{ADAF4FD9-9FA2-4D1C-9FCE-360FCA31EEB9}.Release|Any CPU.ActiveCfg = Release|Any CPU
		{ADAF4FD9-9FA2-4D1C-9FCE-360FCA31EEB9}.Release|Any CPU.Build.0 = Release|Any CPU
	EndGlobalSection
	GlobalSection(SolutionProperties) = preSolution
		HideSolutionNode = FALSE
	EndGlobalSection
EndGlobal
